
Microsoft Visual Studio Solution File, Format Version 12.00
# Visual Studio Version 16
VisualStudioVersion = 16.0.30413.136
MinimumVisualStudioVersion = 10.0.40219.1
Project("{FAE04EC0-301F-11D3-BF4B-00C04F79EFBC}") = "FIT5032_Week04", "FIT5032_Week04.csproj", "{9B75299F-B88F-4BB8-885C-FFCF07A92801}"
EndProject
Project("{FAE04EC0-301F-11D3-BF4B-00C04F79EFBC}") = "FIT5032_Week04.Tests", "..\FIT5032_Week04.Tests\FIT5032_Week04.Tests.csproj", "{26E4E50E-EF60-4B16-8709-2A5EDF4A9B9D}"
EndProject
Global
	GlobalSection(SolutionConfigurationPlatforms) = preSolution
		Debug|Any CPU = Debug|Any CPU
		Release|Any CPU = Release|Any CPU
	EndGlobalSection
	GlobalSection(ProjectConfigurationPlatforms) = postSolution
		{9B75299F-B88F-4BB8-885C-FFCF07A92801}.Debug|Any CPU.ActiveCfg = Debug|Any CPU
		{9B75299F-B88F-4BB8-885C-FFCF07A92801}.Debug|Any CPU.Build.0 = Debug|Any CPU
		{9B75299F-B88F-4BB8-885C-FFCF07A92801}.Release|Any CPU.ActiveCfg = Release|Any CPU
		{9B75299F-B88F-4BB8-885C-FFCF07A92801}.Release|Any CPU.Build.0 = Release|Any CPU
		{26E4E50E-EF60-4B16-8709-2A5EDF4A9B9D}.Debug|Any CPU.ActiveCfg = Debug|Any CPU
		{26E4E50E-EF60-4B16-8709-2A5EDF4A9B9D}.Debug|Any CPU.Build.0 = Debug|Any CPU
		{26E4E50E-EF60-4B16-8709-2A5EDF4A9B9D}.Release|Any CPU.ActiveCfg = Release|Any CPU
		{26E4E50E-EF60-4B16-8709-2A5EDF4A9B9D}.Release|Any CPU.Build.0 = Release|Any CPU
	EndGlobalSection
	GlobalSection(SolutionProperties) = preSolution
		HideSolutionNode = FALSE
	EndGlobalSection
	GlobalSection(ExtensibilityGlobals) = postSolution
		SolutionGuid = {B71D49F2-5D2F-40E5-A14F-3F9D27478395}
	EndGlobalSection
EndGlobal
